
Microsoft Visual Studio Solution File, Format Version 12.00
# Visual Studio 15
VisualStudioVersion = 15.0.28307.705
MinimumVisualStudioVersion = 10.0.40219.1
Project("{2150E333-8FDC-42A3-9474-1A3956D46DE8}") = "Domain", "Domain", "{D5712936-2904-4D83-8D5E-F6C3ACED3AA3}"
EndProject
Project("{2150E333-8FDC-42A3-9474-1A3956D46DE8}") = "Infra.Bus", "Infra.Bus", "{D0947371-2A7B-4897-9B27-8DA4989530C5}"
EndProject
Project("{2150E333-8FDC-42A3-9474-1A3956D46DE8}") = "Infra.IoC", "Infra.IoC", "{B673CCFC-2CE9-43BF-8503-480370E9FB5C}"
EndProject
Project("{2150E333-8FDC-42A3-9474-1A3956D46DE8}") = "Microservices", "Microservices", "{A5AB1285-A0E8-413E-920F-3883A8DBF224}"
EndProject
Project("{2150E333-8FDC-42A3-9474-1A3956D46DE8}") = "Presentation", "Presentation", "{06FBB9DD-4235-4618-885D-66C96548156E}"
EndProject
Project("{FAE04EC0-301F-11D3-BF4B-00C04F79EFBC}") = "MicroServices.Domain.Core", "MicroServices.Domain.Core\MicroServices.Domain.Core.csproj", "{69F8EE82-CD6D-4865-8779-C85A55D860F0}"
EndProject
Project("{FAE04EC0-301F-11D3-BF4B-00C04F79EFBC}") = "MicroServices.Infra.Bus", "MicroServices.Infra.Bus\MicroServices.Infra.Bus.csproj", "{C3195E14-77F5-4EF2-82DD-1E70ED296368}"
EndProject
Project("{FAE04EC0-301F-11D3-BF4B-00C04F79EFBC}") = "MicroServices.Infra.IoC", "MicroServices.Infra.IoC\MicroServices.Infra.IoC.csproj", "{0747A6A2-B0B9-4CC5-B4E6-AAF58F20D394}"
EndProject
Project("{2150E333-8FDC-42A3-9474-1A3956D46DE8}") = "Banking", "Banking", "{8F17A398-8826-4860-8E6E-550EC04FACCF}"
EndProject
Project("{2150E333-8FDC-42A3-9474-1A3956D46DE8}") = "Api", "Api", "{0F60DAF3-0A12-48D7-94A9-8194324EF39A}"
EndProject
Project("{2150E333-8FDC-42A3-9474-1A3956D46DE8}") = "Application", "Application", "{E6BC68E2-3FA3-4509-A191-87686CCB5B02}"
EndProject
Project("{2150E333-8FDC-42A3-9474-1A3956D46DE8}") = "Data", "Data", "{C1BD9971-CDCC-4103-9C81-313F929148FF}"
EndProject
Project("{2150E333-8FDC-42A3-9474-1A3956D46DE8}") = "Domain", "Domain", "{B76783D0-37D9-4532-B9A2-AA0B0E43B40A}"
EndProject
Project("{FAE04EC0-301F-11D3-BF4B-00C04F79EFBC}") = "MicroServices.Banking.API", "MicroServices.Banking.API\MicroServices.Banking.API.csproj", "{B34DEDCD-DEEC-41C6-853A-F0DBAF047774}"
EndProject
Project("{FAE04EC0-301F-11D3-BF4B-00C04F79EFBC}") = "MicroServices.Banking.Application", "MicroServices.Banking.Application\MicroServices.Banking.Application.csproj", "{F331EA02-F085-435A-AFA7-2565E483A4F0}"
EndProject
Project("{FAE04EC0-301F-11D3-BF4B-00C04F79EFBC}") = "MicroServices.Banking.Data", "MicroServices.Banking.Data\MicroServices.Banking.Data.csproj", "{80C65A1E-FCBD-4CDD-B017-9B81670CEF37}"
EndProject
Project("{FAE04EC0-301F-11D3-BF4B-00C04F79EFBC}") = "MicroServices.Banking.Domain", "MicroServices.Banking.Domain\MicroServices.Banking.Domain.csproj", "{9DFB0C20-D46A-4167-8293-137F1A57CB80}"
EndProject
Global
	GlobalSection(SolutionConfigurationPlatforms) = preSolution
		Debug|Any CPU = Debug|Any CPU
		Release|Any CPU = Release|Any CPU
	EndGlobalSection
	GlobalSection(ProjectConfigurationPlatforms) = postSolution
		{69F8EE82-CD6D-4865-8779-C85A55D860F0}.Debug|Any CPU.ActiveCfg = Debug|Any CPU
		{69F8EE82-CD6D-4865-8779-C85A55D860F0}.Debug|Any CPU.Build.0 = Debug|Any CPU
		{69F8EE82-CD6D-4865-8779-C85A55D860F0}.Release|Any CPU.ActiveCfg = Release|Any CPU
		{69F8EE82-CD6D-4865-8779-C85A55D860F0}.Release|Any CPU.Build.0 = Release|Any CPU
		{C3195E14-77F5-4EF2-82DD-1E70ED296368}.Debug|Any CPU.ActiveCfg = Debug|Any CPU
		{C3195E14-77F5-4EF2-82DD-1E70ED296368}.Debug|Any CPU.Build.0 = Debug|Any CPU
		{C3195E14-77F5-4EF2-82DD-1E70ED296368}.Release|Any CPU.ActiveCfg = Release|Any CPU
		{C3195E14-77F5-4EF2-82DD-1E70ED296368}.Release|Any CPU.Build.0 = Release|Any CPU
		{0747A6A2-B0B9-4CC5-B4E6-AAF58F20D394}.Debug|Any CPU.ActiveCfg = Debug|Any CPU
		{0747A6A2-B0B9-4CC5-B4E6-AAF58F20D394}.Debug|Any CPU.Build.0 = Debug|Any CPU
		{0747A6A2-B0B9-4CC5-B4E6-AAF58F20D394}.Release|Any CPU.ActiveCfg = Release|Any CPU
		{0747A6A2-B0B9-4CC5-B4E6-AAF58F20D394}.Release|Any CPU.Build.0 = Release|Any CPU
		{B34DEDCD-DEEC-41C6-853A-F0DBAF047774}.Debug|Any CPU.ActiveCfg = Debug|Any CPU
		{B34DEDCD-DEEC-41C6-853A-F0DBAF047774}.Debug|Any CPU.Build.0 = Debug|Any CPU
		{B34DEDCD-DEEC-41C6-853A-F0DBAF047774}.Release|Any CPU.ActiveCfg = Release|Any CPU
		{B34DEDCD-DEEC-41C6-853A-F0DBAF047774}.Release|Any CPU.Build.0 = Release|Any CPU
		{F331EA02-F085-435A-AFA7-2565E483A4F0}.Debug|Any CPU.ActiveCfg = Debug|Any CPU
		{F331EA02-F085-435A-AFA7-2565E483A4F0}.Debug|Any CPU.Build.0 = Debug|Any CPU
		{F331EA02-F085-435A-AFA7-2565E483A4F0}.Release|Any CPU.ActiveCfg = Release|Any CPU
		{F331EA02-F085-435A-AFA7-2565E483A4F0}.Release|Any CPU.Build.0 = Release|Any CPU
		{80C65A1E-FCBD-4CDD-B017-9B81670CEF37}.Debug|Any CPU.ActiveCfg = Debug|Any CPU
		{80C65A1E-FCBD-4CDD-B017-9B81670CEF37}.Debug|Any CPU.Build.0 = Debug|Any CPU
		{80C65A1E-FCBD-4CDD-B017-9B81670CEF37}.Release|Any CPU.ActiveCfg = Release|Any CPU
		{80C65A1E-FCBD-4CDD-B017-9B81670CEF37}.Release|Any CPU.Build.0 = Release|Any CPU
		{9DFB0C20-D46A-4167-8293-137F1A57CB80}.Debug|Any CPU.ActiveCfg = Debug|Any CPU
		{9DFB0C20-D46A-4167-8293-137F1A57CB80}.Debug|Any CPU.Build.0 = Debug|Any CPU
		{9DFB0C20-D46A-4167-8293-137F1A57CB80}.Release|Any CPU.ActiveCfg = Release|Any CPU
		{9DFB0C20-D46A-4167-8293-137F1A57CB80}.Release|Any CPU.Build.0 = Release|Any CPU
	EndGlobalSection
	GlobalSection(SolutionProperties) = preSolution
		HideSolutionNode = FALSE
	EndGlobalSection
	GlobalSection(NestedProjects) = preSolution
		{69F8EE82-CD6D-4865-8779-C85A55D860F0} = {D5712936-2904-4D83-8D5E-F6C3ACED3AA3}
		{C3195E14-77F5-4EF2-82DD-1E70ED296368} = {D0947371-2A7B-4897-9B27-8DA4989530C5}
		{0747A6A2-B0B9-4CC5-B4E6-AAF58F20D394} = {B673CCFC-2CE9-43BF-8503-480370E9FB5C}
		{8F17A398-8826-4860-8E6E-550EC04FACCF} = {A5AB1285-A0E8-413E-920F-3883A8DBF224}
		{0F60DAF3-0A12-48D7-94A9-8194324EF39A} = {8F17A398-8826-4860-8E6E-550EC04FACCF}
		{E6BC68E2-3FA3-4509-A191-87686CCB5B02} = {8F17A398-8826-4860-8E6E-550EC04FACCF}
		{C1BD9971-CDCC-4103-9C81-313F929148FF} = {8F17A398-8826-4860-8E6E-550EC04FACCF}
		{B76783D0-37D9-4532-B9A2-AA0B0E43B40A} = {8F17A398-8826-4860-8E6E-550EC04FACCF}
		{B34DEDCD-DEEC-41C6-853A-F0DBAF047774} = {0F60DAF3-0A12-48D7-94A9-8194324EF39A}
		{F331EA02-F085-435A-AFA7-2565E483A4F0} = {E6BC68E2-3FA3-4509-A191-87686CCB5B02}
		{80C65A1E-FCBD-4CDD-B017-9B81670CEF37} = {C1BD9971-CDCC-4103-9C81-313F929148FF}
		{9DFB0C20-D46A-4167-8293-137F1A57CB80} = {B76783D0-37D9-4532-B9A2-AA0B0E43B40A}
	EndGlobalSection
	GlobalSection(ExtensibilityGlobals) = postSolution
		SolutionGuid = {5178DED6-C941-4CD9-88B0-F43EA3AD94F7}
	EndGlobalSection
EndGlobal
